// !$*UTF8*$!
{
	archiveVersion = 1;
	classes = {
	};
	objectVersion = 46;
	objects = {

/* Begin PBXBuildFile section */
		2E12E203156F363C0087EFC6 /* Retina.png in Resources */ = {isa = PBXBuildFile; fileRef = 2E12E202156F363C0087EFC6 /* Retina.png */; };
		2E12E205156F36E20087EFC6 /* Normal.png in Resources */ = {isa = PBXBuildFile; fileRef = 2E12E204156F36E20087EFC6 /* Normal.png */; };
		2E813B38156F1C7100BFB517 /* SpendingPlan.m in Sources */ = {isa = PBXBuildFile; fileRef = 2E813B37156F1C7100BFB517 /* SpendingPlan.m */; };
		2E813B3D156F1E9E00BFB517 /* AddIncomeViewController.m in Sources */ = {isa = PBXBuildFile; fileRef = 2E813B3A156F1E9E00BFB517 /* AddIncomeViewController.m */; };
		2E813B3E156F1E9E00BFB517 /* SettingsViewController.m in Sources */ = {isa = PBXBuildFile; fileRef = 2E813B3C156F1E9E00BFB517 /* SettingsViewController.m */; };
		2E813B41156F1EB300BFB517 /* SpendingPlanViewController.m in Sources */ = {isa = PBXBuildFile; fileRef = 2E813B40156F1EB300BFB517 /* SpendingPlanViewController.m */; };
		2E874CC0156AC92200A32E3B /* MessageUI.framework in Frameworks */ = {isa = PBXBuildFile; fileRef = 2E874CBF156AC92200A32E3B /* MessageUI.framework */; };
		2E899FB6158BCD330052BE76 /* EditExpenseViewController.m in Sources */ = {isa = PBXBuildFile; fileRef = 2E899FB5158BCD330052BE76 /* EditExpenseViewController.m */; };
		2E90771815599A8D00B07ADD /* CoreData.framework in Frameworks */ = {isa = PBXBuildFile; fileRef = 2E90771715599A8D00B07ADD /* CoreData.framework */; };
		2E9997841559CC320098C6A4 /* Expenses.m in Sources */ = {isa = PBXBuildFile; fileRef = 2E9997831559CC320098C6A4 /* Expenses.m */; };
		2EAF787715618CFB008B304C /* CredAbility.png in Resources */ = {isa = PBXBuildFile; fileRef = 2EAF787615618CFB008B304C /* CredAbility.png */; };
		2EAF787E15619214008B304C /* InitialViewController.m in Sources */ = {isa = PBXBuildFile; fileRef = 2EAF787D15619214008B304C /* InitialViewController.m */; };
		2EAF98FC1553395E009D0522 /* PocketTrackerModel.xcdatamodeld in Sources */ = {isa = PBXBuildFile; fileRef = 2EAF98FA1553395E009D0522 /* PocketTrackerModel.xcdatamodeld */; };
		2EB4E9B4157AA5A6000BC313 /* Default.png in Resources */ = {isa = PBXBuildFile; fileRef = 2EB4E9B3157AA5A6000BC313 /* Default.png */; };
		2EB4E9B6157AA5AB000BC313 /* Default@2x.png in Resources */ = {isa = PBXBuildFile; fileRef = 2EB4E9B5157AA5AB000BC313 /* Default@2x.png */; };
		2EB93A25156404B60058579A /* libCorePlot-CocoaTouch.a in Frameworks */ = {isa = PBXBuildFile; fileRef = 2EB93A21156402EB0058579A /* libCorePlot-CocoaTouch.a */; };
		2EB93A27156409FD0058579A /* QuartzCore.framework in Frameworks */ = {isa = PBXBuildFile; fileRef = 2EB93A26156409FD0058579A /* QuartzCore.framework */; };
		2EB93A2A15640AC20058579A /* SummaryViewController.m in Sources */ = {isa = PBXBuildFile; fileRef = 2EB93A2915640AC20058579A /* SummaryViewController.m */; };
		2EB9B1A9157890B4009E3C32 /* Add Income.tiff in Resources */ = {isa = PBXBuildFile; fileRef = 2EB9B1A3157890B4009E3C32 /* Add Income.tiff */; };
		2EB9B1AA157890B4009E3C32 /* AddExpense.tiff in Resources */ = {isa = PBXBuildFile; fileRef = 2EB9B1A4157890B4009E3C32 /* AddExpense.tiff */; };
		2EB9B1AB157890B4009E3C32 /* Expenses.tiff in Resources */ = {isa = PBXBuildFile; fileRef = 2EB9B1A5157890B4009E3C32 /* Expenses.tiff */; };
		2EB9B1AC157890B4009E3C32 /* Settings.tiff in Resources */ = {isa = PBXBuildFile; fileRef = 2EB9B1A6157890B4009E3C32 /* Settings.tiff */; };
		2EB9B1AD157890B4009E3C32 /* Spending Plan.tiff in Resources */ = {isa = PBXBuildFile; fileRef = 2EB9B1A7157890B4009E3C32 /* Spending Plan.tiff */; };
		2EB9B1AE157890B4009E3C32 /* Summary.tiff in Resources */ = {isa = PBXBuildFile; fileRef = 2EB9B1A8157890B4009E3C32 /* Summary.tiff */; };
		2EB9B1B01578E0E2009E3C32 /* Welcome.tiff in Resources */ = {isa = PBXBuildFile; fileRef = 2EB9B1AF1578E0E2009E3C32 /* Welcome.tiff */; };
		2EBE1B7F159262B1006A2900 /* CustomCategoriesViewController.m in Sources */ = {isa = PBXBuildFile; fileRef = 2EBE1B7E159262B1006A2900 /* CustomCategoriesViewController.m */; };
		2EBE1B82159263F3006A2900 /* CustomCategories.m in Sources */ = {isa = PBXBuildFile; fileRef = 2EBE1B81159263F3006A2900 /* CustomCategories.m */; };
		2EC3706F159381720098AB43 /* AddCategoryViewController.m in Sources */ = {isa = PBXBuildFile; fileRef = 2EC3706E159381720098AB43 /* AddCategoryViewController.m */; };
		2EC594FE15635A3A00C1E5ED /* WelcomeScreen.tiff in Resources */ = {isa = PBXBuildFile; fileRef = 2EC594FD15635A3A00C1E5ED /* WelcomeScreen.tiff */; };
		2ED58CB4154E100B00FBBEB7 /* UIKit.framework in Frameworks */ = {isa = PBXBuildFile; fileRef = 2ED58CB3154E100B00FBBEB7 /* UIKit.framework */; };
		2ED58CB6154E100B00FBBEB7 /* Foundation.framework in Frameworks */ = {isa = PBXBuildFile; fileRef = 2ED58CB5154E100B00FBBEB7 /* Foundation.framework */; };
		2ED58CB8154E100B00FBBEB7 /* CoreGraphics.framework in Frameworks */ = {isa = PBXBuildFile; fileRef = 2ED58CB7154E100B00FBBEB7 /* CoreGraphics.framework */; };
		2ED58CBE154E100B00FBBEB7 /* InfoPlist.strings in Resources */ = {isa = PBXBuildFile; fileRef = 2ED58CBC154E100B00FBBEB7 /* InfoPlist.strings */; };
		2ED58CC0154E100B00FBBEB7 /* main.m in Sources */ = {isa = PBXBuildFile; fileRef = 2ED58CBF154E100B00FBBEB7 /* main.m */; };
		2ED58CC4154E100B00FBBEB7 /* PocketTrackerAppDelegate.m in Sources */ = {isa = PBXBuildFile; fileRef = 2ED58CC3154E100B00FBBEB7 /* PocketTrackerAppDelegate.m */; };
		2ED58CC7154E100B00FBBEB7 /* MainStoryboard.storyboard in Resources */ = {isa = PBXBuildFile; fileRef = 2ED58CC5154E100B00FBBEB7 /* MainStoryboard.storyboard */; };
		2ED58CD2154E10BF00FBBEB7 /* AddExpenseViewController.m in Sources */ = {isa = PBXBuildFile; fileRef = 2ED58CD1154E10BF00FBBEB7 /* AddExpenseViewController.m */; };
		2ED58CD5154E10D400FBBEB7 /* ExpensesViewController.m in Sources */ = {isa = PBXBuildFile; fileRef = 2ED58CD4154E10D400FBBEB7 /* ExpensesViewController.m */; };
		2EF7B76C1578520E00FAAF59 /* Expenses.jpg in Resources */ = {isa = PBXBuildFile; fileRef = 2EF7B76B1578520E00FAAF59 /* Expenses.jpg */; };
		2EF7B76E1578521E00FAAF59 /* SpendingPlan.jpg in Resources */ = {isa = PBXBuildFile; fileRef = 2EF7B76D1578521E00FAAF59 /* SpendingPlan.jpg */; };
		2EF7B7701578536900FAAF59 /* CA_tag_4c.jpg in Resources */ = {isa = PBXBuildFile; fileRef = 2EF7B76F1578536900FAAF59 /* CA_tag_4c.jpg */; };
		2EF7B772157858D100FAAF59 /* AtAGlance.png in Resources */ = {isa = PBXBuildFile; fileRef = 2EF7B771157858D100FAAF59 /* AtAGlance.png */; };
/* End PBXBuildFile section */

/* Begin PBXContainerItemProxy section */
		2EB93A20156402EB0058579A /* PBXContainerItemProxy */ = {
			isa = PBXContainerItemProxy;
			containerPortal = 2EB93A17156402EA0058579A /* CorePlot-CocoaTouch.xcodeproj */;
			proxyType = 2;
			remoteGlobalIDString = BC9B83470FB8A0A40035D8DA;
			remoteInfo = "CorePlot-CocoaTouch";
		};
		2EB93A23156403740058579A /* PBXContainerItemProxy */ = {
			isa = PBXContainerItemProxy;
			containerPortal = 2EB93A17156402EA0058579A /* CorePlot-CocoaTouch.xcodeproj */;
			proxyType = 1;
			remoteGlobalIDString = BC9B83460FB8A0A40035D8DA;
			remoteInfo = "CorePlot-CocoaTouch";
		};
/* End PBXContainerItemProxy section */

/* Begin PBXFileReference section */
		2E12E202156F363C0087EFC6 /* Retina.png */ = {isa = PBXFileReference; lastKnownFileType = image.png; name = Retina.png; path = ../../../Downloads/Retina.png; sourceTree = "<group>"; };
		2E12E204156F36E20087EFC6 /* Normal.png */ = {isa = PBXFileReference; lastKnownFileType = image.png; name = Normal.png; path = ../../../Downloads/Normal.png; sourceTree = "<group>"; };
		2E12E206156F36FC0087EFC6 /* Normal.png */ = {isa = PBXFileReference; lastKnownFileType = image.png; path = Normal.png; sourceTree = "<group>"; };
		2E12E208156F37120087EFC6 /* Retina.png */ = {isa = PBXFileReference; lastKnownFileType = image.png; path = Retina.png; sourceTree = "<group>"; };
		2E813B36156F1C7100BFB517 /* SpendingPlan.h */ = {isa = PBXFileReference; fileEncoding = 4; lastKnownFileType = sourcecode.c.h; path = SpendingPlan.h; sourceTree = "<group>"; };
		2E813B37156F1C7100BFB517 /* SpendingPlan.m */ = {isa = PBXFileReference; fileEncoding = 4; lastKnownFileType = sourcecode.c.objc; path = SpendingPlan.m; sourceTree = "<group>"; };
		2E813B39156F1E9E00BFB517 /* AddIncomeViewController.h */ = {isa = PBXFileReference; fileEncoding = 4; lastKnownFileType = sourcecode.c.h; path = AddIncomeViewController.h; sourceTree = "<group>"; };
		2E813B3A156F1E9E00BFB517 /* AddIncomeViewController.m */ = {isa = PBXFileReference; fileEncoding = 4; lastKnownFileType = sourcecode.c.objc; path = AddIncomeViewController.m; sourceTree = "<group>"; };
		2E813B3B156F1E9E00BFB517 /* SettingsViewController.h */ = {isa = PBXFileReference; fileEncoding = 4; lastKnownFileType = sourcecode.c.h; path = SettingsViewController.h; sourceTree = "<group>"; };
		2E813B3C156F1E9E00BFB517 /* SettingsViewController.m */ = {isa = PBXFileReference; fileEncoding = 4; lastKnownFileType = sourcecode.c.objc; path = SettingsViewController.m; sourceTree = "<group>"; };
		2E813B3F156F1EB300BFB517 /* SpendingPlanViewController.h */ = {isa = PBXFileReference; fileEncoding = 4; lastKnownFileType = sourcecode.c.h; path = SpendingPlanViewController.h; sourceTree = "<group>"; };
		2E813B40156F1EB300BFB517 /* SpendingPlanViewController.m */ = {isa = PBXFileReference; fileEncoding = 4; lastKnownFileType = sourcecode.c.objc; path = SpendingPlanViewController.m; sourceTree = "<group>"; };
		2E874CBF156AC92200A32E3B /* MessageUI.framework */ = {isa = PBXFileReference; lastKnownFileType = wrapper.framework; name = MessageUI.framework; path = System/Library/Frameworks/MessageUI.framework; sourceTree = SDKROOT; };
		2E899FB4158BCD330052BE76 /* EditExpenseViewController.h */ = {isa = PBXFileReference; fileEncoding = 4; lastKnownFileType = sourcecode.c.h; path = EditExpenseViewController.h; sourceTree = "<group>"; };
		2E899FB5158BCD330052BE76 /* EditExpenseViewController.m */ = {isa = PBXFileReference; fileEncoding = 4; lastKnownFileType = sourcecode.c.objc; path = EditExpenseViewController.m; sourceTree = "<group>"; };
		2E90771715599A8D00B07ADD /* CoreData.framework */ = {isa = PBXFileReference; lastKnownFileType = wrapper.framework; name = CoreData.framework; path = System/Library/Frameworks/CoreData.framework; sourceTree = SDKROOT; };
		2E9997821559CC320098C6A4 /* Expenses.h */ = {isa = PBXFileReference; fileEncoding = 4; lastKnownFileType = sourcecode.c.h; path = Expenses.h; sourceTree = "<group>"; };
		2E9997831559CC320098C6A4 /* Expenses.m */ = {isa = PBXFileReference; fileEncoding = 4; lastKnownFileType = sourcecode.c.objc; path = Expenses.m; sourceTree = "<group>"; };
		2EAF787615618CFB008B304C /* CredAbility.png */ = {isa = PBXFileReference; lastKnownFileType = image.png; path = CredAbility.png; sourceTree = "<group>"; };
		2EAF787C15619214008B304C /* InitialViewController.h */ = {isa = PBXFileReference; fileEncoding = 4; lastKnownFileType = sourcecode.c.h; path = InitialViewController.h; sourceTree = "<group>"; };
		2EAF787D15619214008B304C /* InitialViewController.m */ = {isa = PBXFileReference; fileEncoding = 4; lastKnownFileType = sourcecode.c.objc; path = InitialViewController.m; sourceTree = "<group>"; };
		2EAF98FB1553395E009D0522 /* PocketTrackerModel.xcdatamodel */ = {isa = PBXFileReference; lastKnownFileType = wrapper.xcdatamodel; path = PocketTrackerModel.xcdatamodel; sourceTree = "<group>"; };
		2EB4E9B3157AA5A6000BC313 /* Default.png */ = {isa = PBXFileReference; lastKnownFileType = image.png; path = Default.png; sourceTree = "<group>"; };
		2EB4E9B5157AA5AB000BC313 /* Default@2x.png */ = {isa = PBXFileReference; lastKnownFileType = image.png; path = "Default@2x.png"; sourceTree = "<group>"; };
		2EB93A17156402EA0058579A /* CorePlot-CocoaTouch.xcodeproj */ = {isa = PBXFileReference; lastKnownFileType = "wrapper.pb-project"; name = "CorePlot-CocoaTouch.xcodeproj"; path = "../../Downloads/CorePlot_1.0/Source/framework/CorePlot-CocoaTouch.xcodeproj"; sourceTree = "<group>"; };
		2EB93A26156409FD0058579A /* QuartzCore.framework */ = {isa = PBXFileReference; lastKnownFileType = wrapper.framework; name = QuartzCore.framework; path = System/Library/Frameworks/QuartzCore.framework; sourceTree = SDKROOT; };
		2EB93A2815640AC20058579A /* SummaryViewController.h */ = {isa = PBXFileReference; fileEncoding = 4; lastKnownFileType = sourcecode.c.h; path = SummaryViewController.h; sourceTree = "<group>"; };
		2EB93A2915640AC20058579A /* SummaryViewController.m */ = {isa = PBXFileReference; fileEncoding = 4; lastKnownFileType = sourcecode.c.objc; path = SummaryViewController.m; sourceTree = "<group>"; };
		2EB9B1A3157890B4009E3C32 /* Add Income.tiff */ = {isa = PBXFileReference; lastKnownFileType = image.tiff; name = "Add Income.tiff"; path = "../../../Pictures/Screenshots 2/Tutorial Screenshots/Add Income.tiff"; sourceTree = "<group>"; };
		2EB9B1A4157890B4009E3C32 /* AddExpense.tiff */ = {isa = PBXFileReference; lastKnownFileType = image.tiff; name = AddExpense.tiff; path = "../../../Pictures/Screenshots 2/Tutorial Screenshots/AddExpense.tiff"; sourceTree = "<group>"; };
		2EB9B1A5157890B4009E3C32 /* Expenses.tiff */ = {isa = PBXFileReference; lastKnownFileType = image.tiff; name = Expenses.tiff; path = "../../../Pictures/Screenshots 2/Tutorial Screenshots/Expenses.tiff"; sourceTree = "<group>"; };
		2EB9B1A6157890B4009E3C32 /* Settings.tiff */ = {isa = PBXFileReference; lastKnownFileType = image.tiff; name = Settings.tiff; path = "../../../Pictures/Screenshots 2/Tutorial Screenshots/Settings.tiff"; sourceTree = "<group>"; };
		2EB9B1A7157890B4009E3C32 /* Spending Plan.tiff */ = {isa = PBXFileReference; lastKnownFileType = image.tiff; name = "Spending Plan.tiff"; path = "../../../Pictures/Screenshots 2/Tutorial Screenshots/Spending Plan.tiff"; sourceTree = "<group>"; };
		2EB9B1A8157890B4009E3C32 /* Summary.tiff */ = {isa = PBXFileReference; lastKnownFileType = image.tiff; name = Summary.tiff; path = "../../../Pictures/Screenshots 2/Tutorial Screenshots/Summary.tiff"; sourceTree = "<group>"; };
		2EB9B1AF1578E0E2009E3C32 /* Welcome.tiff */ = {isa = PBXFileReference; lastKnownFileType = image.tiff; name = Welcome.tiff; path = "../../../Pictures/Screenshots 2/Tutorial Screenshots/Welcome.tiff"; sourceTree = "<group>"; };
		2EBE1B7D159262B1006A2900 /* CustomCategoriesViewController.h */ = {isa = PBXFileReference; fileEncoding = 4; lastKnownFileType = sourcecode.c.h; path = CustomCategoriesViewController.h; sourceTree = "<group>"; };
		2EBE1B7E159262B1006A2900 /* CustomCategoriesViewController.m */ = {isa = PBXFileReference; fileEncoding = 4; lastKnownFileType = sourcecode.c.objc; path = CustomCategoriesViewController.m; sourceTree = "<group>"; };
		2EBE1B80159263F3006A2900 /* CustomCategories.h */ = {isa = PBXFileReference; fileEncoding = 4; lastKnownFileType = sourcecode.c.h; path = CustomCategories.h; sourceTree = "<group>"; };
		2EBE1B81159263F3006A2900 /* CustomCategories.m */ = {isa = PBXFileReference; fileEncoding = 4; lastKnownFileType = sourcecode.c.objc; path = CustomCategories.m; sourceTree = "<group>"; };
		2EC3706D159381720098AB43 /* AddCategoryViewController.h */ = {isa = PBXFileReference; fileEncoding = 4; lastKnownFileType = sourcecode.c.h; path = AddCategoryViewController.h; sourceTree = "<group>"; };
		2EC3706E159381720098AB43 /* AddCategoryViewController.m */ = {isa = PBXFileReference; fileEncoding = 4; lastKnownFileType = sourcecode.c.objc; path = AddCategoryViewController.m; sourceTree = "<group>"; };
		2EC594FD15635A3A00C1E5ED /* WelcomeScreen.tiff */ = {isa = PBXFileReference; lastKnownFileType = image.tiff; name = WelcomeScreen.tiff; path = ../../../Pictures/WelcomeScreen.tiff; sourceTree = "<group>"; };
		2ED58CAF154E100B00FBBEB7 /* PocketTracker.app */ = {isa = PBXFileReference; explicitFileType = wrapper.application; includeInIndex = 0; path = PocketTracker.app; sourceTree = BUILT_PRODUCTS_DIR; };
		2ED58CB3154E100B00FBBEB7 /* UIKit.framework */ = {isa = PBXFileReference; lastKnownFileType = wrapper.framework; name = UIKit.framework; path = System/Library/Frameworks/UIKit.framework; sourceTree = SDKROOT; };
		2ED58CB5154E100B00FBBEB7 /* Foundation.framework */ = {isa = PBXFileReference; lastKnownFileType = wrapper.framework; name = Foundation.framework; path = System/Library/Frameworks/Foundation.framework; sourceTree = SDKROOT; };
		2ED58CB7154E100B00FBBEB7 /* CoreGraphics.framework */ = {isa = PBXFileReference; lastKnownFileType = wrapper.framework; name = CoreGraphics.framework; path = System/Library/Frameworks/CoreGraphics.framework; sourceTree = SDKROOT; };
		2ED58CBB154E100B00FBBEB7 /* PocketTracker-Info.plist */ = {isa = PBXFileReference; lastKnownFileType = text.plist.xml; path = "PocketTracker-Info.plist"; sourceTree = "<group>"; };
		2ED58CBD154E100B00FBBEB7 /* en */ = {isa = PBXFileReference; lastKnownFileType = text.plist.strings; name = en; path = en.lproj/InfoPlist.strings; sourceTree = "<group>"; };
		2ED58CBF154E100B00FBBEB7 /* main.m */ = {isa = PBXFileReference; lastKnownFileType = sourcecode.c.objc; path = main.m; sourceTree = "<group>"; };
		2ED58CC1154E100B00FBBEB7 /* PocketTracker-Prefix.pch */ = {isa = PBXFileReference; lastKnownFileType = sourcecode.c.h; path = "PocketTracker-Prefix.pch"; sourceTree = "<group>"; };
		2ED58CC2154E100B00FBBEB7 /* PocketTrackerAppDelegate.h */ = {isa = PBXFileReference; lastKnownFileType = sourcecode.c.h; path = PocketTrackerAppDelegate.h; sourceTree = "<group>"; };
		2ED58CC3154E100B00FBBEB7 /* PocketTrackerAppDelegate.m */ = {isa = PBXFileReference; lastKnownFileType = sourcecode.c.objc; path = PocketTrackerAppDelegate.m; sourceTree = "<group>"; };
		2ED58CC6154E100B00FBBEB7 /* en */ = {isa = PBXFileReference; lastKnownFileType = text.xml; name = en; path = en.lproj/MainStoryboard.storyboard; sourceTree = "<group>"; };
		2ED58CD0154E10BF00FBBEB7 /* AddExpenseViewController.h */ = {isa = PBXFileReference; fileEncoding = 4; lastKnownFileType = sourcecode.c.h; path = AddExpenseViewController.h; sourceTree = "<group>"; };
		2ED58CD1154E10BF00FBBEB7 /* AddExpenseViewController.m */ = {isa = PBXFileReference; fileEncoding = 4; lastKnownFileType = sourcecode.c.objc; path = AddExpenseViewController.m; sourceTree = "<group>"; };
		2ED58CD3154E10D400FBBEB7 /* ExpensesViewController.h */ = {isa = PBXFileReference; fileEncoding = 4; lastKnownFileType = sourcecode.c.h; path = ExpensesViewController.h; sourceTree = "<group>"; };
		2ED58CD4154E10D400FBBEB7 /* ExpensesViewController.m */ = {isa = PBXFileReference; fileEncoding = 4; lastKnownFileType = sourcecode.c.objc; path = ExpensesViewController.m; sourceTree = "<group>"; };
		2EF7B76B1578520E00FAAF59 /* Expenses.jpg */ = {isa = PBXFileReference; lastKnownFileType = image.jpeg; name = Expenses.jpg; path = "../../../Pictures/E-Mail Pictures/Expenses.jpg"; sourceTree = "<group>"; };
		2EF7B76D1578521E00FAAF59 /* SpendingPlan.jpg */ = {isa = PBXFileReference; lastKnownFileType = image.jpeg; name = SpendingPlan.jpg; path = "../../../Pictures/E-Mail Pictures/SpendingPlan.jpg"; sourceTree = "<group>"; };
		2EF7B76F1578536900FAAF59 /* CA_tag_4c.jpg */ = {isa = PBXFileReference; lastKnownFileType = image.jpeg; name = CA_tag_4c.jpg; path = "../../../Pictures/E-Mail Pictures/CA_tag_4c.jpg"; sourceTree = "<group>"; };
		2EF7B771157858D100FAAF59 /* AtAGlance.png */ = {isa = PBXFileReference; lastKnownFileType = image.png; name = AtAGlance.png; path = "../../../Pictures/E-Mail Pictures/AtAGlance.png"; sourceTree = "<group>"; };
/* End PBXFileReference section */

/* Begin PBXFrameworksBuildPhase section */
		2ED58CAC154E100B00FBBEB7 /* Frameworks */ = {
			isa = PBXFrameworksBuildPhase;
			buildActionMask = 2147483647;
			files = (
				2E874CC0156AC92200A32E3B /* MessageUI.framework in Frameworks */,
				2EB93A27156409FD0058579A /* QuartzCore.framework in Frameworks */,
				2EB93A25156404B60058579A /* libCorePlot-CocoaTouch.a in Frameworks */,
				2E90771815599A8D00B07ADD /* CoreData.framework in Frameworks */,
				2ED58CB4154E100B00FBBEB7 /* UIKit.framework in Frameworks */,
				2ED58CB6154E100B00FBBEB7 /* Foundation.framework in Frameworks */,
				2ED58CB8154E100B00FBBEB7 /* CoreGraphics.framework in Frameworks */,
			);
			runOnlyForDeploymentPostprocessing = 0;
		};
/* End PBXFrameworksBuildPhase section */

/* Begin PBXGroup section */
		2EB93A18156402EA0058579A /* Products */ = {
			isa = PBXGroup;
			children = (
				2EB93A21156402EB0058579A /* libCorePlot-CocoaTouch.a */,
			);
			name = Products;
			sourceTree = "<group>";
		};
		2ED58CA4154E100B00FBBEB7 = {
			isa = PBXGroup;
			children = (
				2EB4E9B5157AA5AB000BC313 /* Default@2x.png */,
				2EB4E9B3157AA5A6000BC313 /* Default.png */,
				2E12E208156F37120087EFC6 /* Retina.png */,
				2E12E206156F36FC0087EFC6 /* Normal.png */,
				2E874CBF156AC92200A32E3B /* MessageUI.framework */,
				2EB93A26156409FD0058579A /* QuartzCore.framework */,
				2EB93A17156402EA0058579A /* CorePlot-CocoaTouch.xcodeproj */,
				2E90771715599A8D00B07ADD /* CoreData.framework */,
				2ED58CB9154E100B00FBBEB7 /* PocketTracker */,
				2ED58CB2154E100B00FBBEB7 /* Frameworks */,
				2ED58CB0154E100B00FBBEB7 /* Products */,
			);
			sourceTree = "<group>";
		};
		2ED58CB0154E100B00FBBEB7 /* Products */ = {
			isa = PBXGroup;
			children = (
				2ED58CAF154E100B00FBBEB7 /* PocketTracker.app */,
			);
			name = Products;
			sourceTree = "<group>";
		};
		2ED58CB2154E100B00FBBEB7 /* Frameworks */ = {
			isa = PBXGroup;
			children = (
				2ED58CB3154E100B00FBBEB7 /* UIKit.framework */,
				2ED58CB5154E100B00FBBEB7 /* Foundation.framework */,
				2ED58CB7154E100B00FBBEB7 /* CoreGraphics.framework */,
			);
			name = Frameworks;
			sourceTree = "<group>";
		};
		2ED58CB9154E100B00FBBEB7 /* PocketTracker */ = {
			isa = PBXGroup;
			children = (
				2EF7B771157858D100FAAF59 /* AtAGlance.png */,
				2EF7B76F1578536900FAAF59 /* CA_tag_4c.jpg */,
				2EF7B76D1578521E00FAAF59 /* SpendingPlan.jpg */,
				2EF7B76B1578520E00FAAF59 /* Expenses.jpg */,
				2EAF787C15619214008B304C /* InitialViewController.h */,
				2EAF787D15619214008B304C /* InitialViewController.m */,
				2EAF98FA1553395E009D0522 /* PocketTrackerModel.xcdatamodeld */,
				2EBE1B80159263F3006A2900 /* CustomCategories.h */,
				2EBE1B81159263F3006A2900 /* CustomCategories.m */,
				2E813B36156F1C7100BFB517 /* SpendingPlan.h */,
				2E813B37156F1C7100BFB517 /* SpendingPlan.m */,
				2E9997821559CC320098C6A4 /* Expenses.h */,
				2E9997831559CC320098C6A4 /* Expenses.m */,
				2ED58CC2154E100B00FBBEB7 /* PocketTrackerAppDelegate.h */,
				2ED58CC3154E100B00FBBEB7 /* PocketTrackerAppDelegate.m */,
				2ED58CC5154E100B00FBBEB7 /* MainStoryboard.storyboard */,
				2EC3706D159381720098AB43 /* AddCategoryViewController.h */,
				2EC3706E159381720098AB43 /* AddCategoryViewController.m */,
				2E899FB4158BCD330052BE76 /* EditExpenseViewController.h */,
				2E899FB5158BCD330052BE76 /* EditExpenseViewController.m */,
				2E12E204156F36E20087EFC6 /* Normal.png */,
				2E12E202156F363C0087EFC6 /* Retina.png */,
				2E813B3F156F1EB300BFB517 /* SpendingPlanViewController.h */,
				2E813B40156F1EB300BFB517 /* SpendingPlanViewController.m */,
				2E813B39156F1E9E00BFB517 /* AddIncomeViewController.h */,
				2E813B3A156F1E9E00BFB517 /* AddIncomeViewController.m */,
				2E813B3B156F1E9E00BFB517 /* SettingsViewController.h */,
				2E813B3C156F1E9E00BFB517 /* SettingsViewController.m */,
				2EB93A2815640AC20058579A /* SummaryViewController.h */,
				2EB93A2915640AC20058579A /* SummaryViewController.m */,
				2ED58CBA154E100B00FBBEB7 /* Supporting Files */,
				2ED58CD0154E10BF00FBBEB7 /* AddExpenseViewController.h */,
				2ED58CD1154E10BF00FBBEB7 /* AddExpenseViewController.m */,
				2ED58CD3154E10D400FBBEB7 /* ExpensesViewController.h */,
				2ED58CD4154E10D400FBBEB7 /* ExpensesViewController.m */,
				2EBE1B7D159262B1006A2900 /* CustomCategoriesViewController.h */,
				2EBE1B7E159262B1006A2900 /* CustomCategoriesViewController.m */,
			);
			path = PocketTracker;
			sourceTree = "<group>";
		};
		2ED58CBA154E100B00FBBEB7 /* Supporting Files */ = {
			isa = PBXGroup;
			children = (
				2EB9B1AF1578E0E2009E3C32 /* Welcome.tiff */,
				2EB9B1A3157890B4009E3C32 /* Add Income.tiff */,
				2EB9B1A4157890B4009E3C32 /* AddExpense.tiff */,
				2EB9B1A5157890B4009E3C32 /* Expenses.tiff */,
				2EB9B1A6157890B4009E3C32 /* Settings.tiff */,
				2EB9B1A7157890B4009E3C32 /* Spending Plan.tiff */,
				2EB9B1A8157890B4009E3C32 /* Summary.tiff */,
				2EC594FD15635A3A00C1E5ED /* WelcomeScreen.tiff */,
				2EAF787615618CFB008B304C /* CredAbility.png */,
				2ED58CBB154E100B00FBBEB7 /* PocketTracker-Info.plist */,
				2ED58CBC154E100B00FBBEB7 /* InfoPlist.strings */,
				2ED58CBF154E100B00FBBEB7 /* main.m */,
				2ED58CC1154E100B00FBBEB7 /* PocketTracker-Prefix.pch */,
			);
			name = "Supporting Files";
			sourceTree = "<group>";
		};
/* End PBXGroup section */

/* Begin PBXNativeTarget section */
		2ED58CAE154E100B00FBBEB7 /* PocketTracker */ = {
			isa = PBXNativeTarget;
			buildConfigurationList = 2ED58CCD154E100B00FBBEB7 /* Build configuration list for PBXNativeTarget "PocketTracker" */;
			buildPhases = (
				2ED58CAB154E100B00FBBEB7 /* Sources */,
				2ED58CAC154E100B00FBBEB7 /* Frameworks */,
				2ED58CAD154E100B00FBBEB7 /* Resources */,
			);
			buildRules = (
			);
			dependencies = (
				2EB93A24156403740058579A /* PBXTargetDependency */,
			);
			name = PocketTracker;
			productName = PocketTracker;
			productReference = 2ED58CAF154E100B00FBBEB7 /* PocketTracker.app */;
			productType = "com.apple.product-type.application";
		};
/* End PBXNativeTarget section */

/* Begin PBXProject section */
		2ED58CA6154E100B00FBBEB7 /* Project object */ = {
			isa = PBXProject;
			attributes = {
				CLASSPREFIX = PocketTracker;
				LastUpgradeCheck = 0430;
			};
			buildConfigurationList = 2ED58CA9154E100B00FBBEB7 /* Build configuration list for PBXProject "PocketTracker" */;
			compatibilityVersion = "Xcode 3.2";
			developmentRegion = English;
			hasScannedForEncodings = 0;
			knownRegions = (
				en,
			);
			mainGroup = 2ED58CA4154E100B00FBBEB7;
			productRefGroup = 2ED58CB0154E100B00FBBEB7 /* Products */;
			projectDirPath = "";
			projectReferences = (
				{
					ProductGroup = 2EB93A18156402EA0058579A /* Products */;
					ProjectRef = 2EB93A17156402EA0058579A /* CorePlot-CocoaTouch.xcodeproj */;
				},
			);
			projectRoot = "";
			targets = (
				2ED58CAE154E100B00FBBEB7 /* PocketTracker */,
			);
		};
/* End PBXProject section */

/* Begin PBXReferenceProxy section */
		2EB93A21156402EB0058579A /* libCorePlot-CocoaTouch.a */ = {
			isa = PBXReferenceProxy;
			fileType = archive.ar;
			path = "libCorePlot-CocoaTouch.a";
			remoteRef = 2EB93A20156402EB0058579A /* PBXContainerItemProxy */;
			sourceTree = BUILT_PRODUCTS_DIR;
		};
/* End PBXReferenceProxy section */

/* Begin PBXResourcesBuildPhase section */
		2ED58CAD154E100B00FBBEB7 /* Resources */ = {
			isa = PBXResourcesBuildPhase;
			buildActionMask = 2147483647;
			files = (
				2ED58CBE154E100B00FBBEB7 /* InfoPlist.strings in Resources */,
				2ED58CC7154E100B00FBBEB7 /* MainStoryboard.storyboard in Resources */,
				2EAF787715618CFB008B304C /* CredAbility.png in Resources */,
				2EC594FE15635A3A00C1E5ED /* WelcomeScreen.tiff in Resources */,
				2E12E203156F363C0087EFC6 /* Retina.png in Resources */,
				2E12E205156F36E20087EFC6 /* Normal.png in Resources */,
				2EF7B76C1578520E00FAAF59 /* Expenses.jpg in Resources */,
				2EF7B76E1578521E00FAAF59 /* SpendingPlan.jpg in Resources */,
				2EF7B7701578536900FAAF59 /* CA_tag_4c.jpg in Resources */,
				2EF7B772157858D100FAAF59 /* AtAGlance.png in Resources */,
				2EB9B1A9157890B4009E3C32 /* Add Income.tiff in Resources */,
				2EB9B1AA157890B4009E3C32 /* AddExpense.tiff in Resources */,
				2EB9B1AB157890B4009E3C32 /* Expenses.tiff in Resources */,
				2EB9B1AC157890B4009E3C32 /* Settings.tiff in Resources */,
				2EB9B1AD157890B4009E3C32 /* Spending Plan.tiff in Resources */,
				2EB9B1AE157890B4009E3C32 /* Summary.tiff in Resources */,
				2EB9B1B01578E0E2009E3C32 /* Welcome.tiff in Resources */,
				2EB4E9B4157AA5A6000BC313 /* Default.png in Resources */,
				2EB4E9B6157AA5AB000BC313 /* Default@2x.png in Resources */,
			);
			runOnlyForDeploymentPostprocessing = 0;
		};
/* End PBXResourcesBuildPhase section */

/* Begin PBXSourcesBuildPhase section */
		2ED58CAB154E100B00FBBEB7 /* Sources */ = {
			isa = PBXSourcesBuildPhase;
			buildActionMask = 2147483647;
			files = (
				2ED58CC0154E100B00FBBEB7 /* main.m in Sources */,
				2ED58CC4154E100B00FBBEB7 /* PocketTrackerAppDelegate.m in Sources */,
				2ED58CD2154E10BF00FBBEB7 /* AddExpenseViewController.m in Sources */,
				2ED58CD5154E10D400FBBEB7 /* ExpensesViewController.m in Sources */,
				2EAF98FC1553395E009D0522 /* PocketTrackerModel.xcdatamodeld in Sources */,
				2E9997841559CC320098C6A4 /* Expenses.m in Sources */,
				2EAF787E15619214008B304C /* InitialViewController.m in Sources */,
				2EB93A2A15640AC20058579A /* SummaryViewController.m in Sources */,
				2E813B38156F1C7100BFB517 /* SpendingPlan.m in Sources */,
				2E813B3D156F1E9E00BFB517 /* AddIncomeViewController.m in Sources */,
				2E813B3E156F1E9E00BFB517 /* SettingsViewController.m in Sources */,
				2E813B41156F1EB300BFB517 /* SpendingPlanViewController.m in Sources */,
				2E899FB6158BCD330052BE76 /* EditExpenseViewController.m in Sources */,
				2EBE1B7F159262B1006A2900 /* CustomCategoriesViewController.m in Sources */,
				2EBE1B82159263F3006A2900 /* CustomCategories.m in Sources */,
				2EC3706F159381720098AB43 /* AddCategoryViewController.m in Sources */,
			);
			runOnlyForDeploymentPostprocessing = 0;
		};
/* End PBXSourcesBuildPhase section */

/* Begin PBXTargetDependency section */
		2EB93A24156403740058579A /* PBXTargetDependency */ = {
			isa = PBXTargetDependency;
			name = "CorePlot-CocoaTouch";
			targetProxy = 2EB93A23156403740058579A /* PBXContainerItemProxy */;
		};
/* End PBXTargetDependency section */

/* Begin PBXVariantGroup section */
		2ED58CBC154E100B00FBBEB7 /* InfoPlist.strings */ = {
			isa = PBXVariantGroup;
			children = (
				2ED58CBD154E100B00FBBEB7 /* en */,
			);
			name = InfoPlist.strings;
			sourceTree = "<group>";
		};
		2ED58CC5154E100B00FBBEB7 /* MainStoryboard.storyboard */ = {
			isa = PBXVariantGroup;
			children = (
				2ED58CC6154E100B00FBBEB7 /* en */,
			);
			name = MainStoryboard.storyboard;
			sourceTree = "<group>";
		};
/* End PBXVariantGroup section */

/* Begin XCBuildConfiguration section */
		2ED58CCB154E100B00FBBEB7 /* Debug */ = {
			isa = XCBuildConfiguration;
			buildSettings = {
				ALWAYS_SEARCH_USER_PATHS = NO;
				ARCHS = "$(ARCHS_STANDARD_32_BIT)";
				CLANG_ENABLE_OBJC_ARC = YES;
				"CODE_SIGN_IDENTITY[sdk=iphoneos*]" = "iPhone Developer";
				COPY_PHASE_STRIP = NO;
				GCC_C_LANGUAGE_STANDARD = gnu99;
				GCC_DYNAMIC_NO_PIC = NO;
				GCC_OPTIMIZATION_LEVEL = 0;
				GCC_PREPROCESSOR_DEFINITIONS = (
					"DEBUG=1",
					"$(inherited)",
				);
				GCC_SYMBOLS_PRIVATE_EXTERN = NO;
				GCC_VERSION = com.apple.compilers.llvm.clang.1_0;
				GCC_WARN_ABOUT_RETURN_TYPE = YES;
				GCC_WARN_UNINITIALIZED_AUTOS = YES;
				GCC_WARN_UNUSED_VARIABLE = YES;
				IPHONEOS_DEPLOYMENT_TARGET = 5.1;
				SDKROOT = iphoneos;
			};
			name = Debug;
		};
		2ED58CCC154E100B00FBBEB7 /* Release */ = {
			isa = XCBuildConfiguration;
			buildSettings = {
				ALWAYS_SEARCH_USER_PATHS = NO;
				ARCHS = "$(ARCHS_STANDARD_32_BIT)";
				CLANG_ENABLE_OBJC_ARC = YES;
				"CODE_SIGN_IDENTITY[sdk=iphoneos*]" = "iPhone Developer";
				COPY_PHASE_STRIP = YES;
				GCC_C_LANGUAGE_STANDARD = gnu99;
				GCC_VERSION = com.apple.compilers.llvm.clang.1_0;
				GCC_WARN_ABOUT_RETURN_TYPE = YES;
				GCC_WARN_UNINITIALIZED_AUTOS = YES;
				GCC_WARN_UNUSED_VARIABLE = YES;
				IPHONEOS_DEPLOYMENT_TARGET = 5.1;
				OTHER_CFLAGS = "-DNS_BLOCK_ASSERTIONS=1";
				SDKROOT = iphoneos;
				VALIDATE_PRODUCT = YES;
			};
			name = Release;
		};
		2ED58CCE154E100B00FBBEB7 /* Debug */ = {
			isa = XCBuildConfiguration;
			buildSettings = {
				GCC_PRECOMPILE_PREFIX_HEADER = YES;
				GCC_PREFIX_HEADER = "PocketTracker/PocketTracker-Prefix.pch";
				HEADER_SEARCH_PATHS = "/Users/andrewthayer/Downloads/CorePlot_1.0/Source/framework/**";
				INFOPLIST_FILE = "PocketTracker/PocketTracker-Info.plist";
				OTHER_LDFLAGS = "-ObjC";
				PRODUCT_NAME = "$(TARGET_NAME)";
				WRAPPER_EXTENSION = app;
			};
			name = Debug;
		};
		2ED58CCF154E100B00FBBEB7 /* Release */ = {
			isa = XCBuildConfiguration;
			buildSettings = {
				GCC_PRECOMPILE_PREFIX_HEADER = YES;
				GCC_PREFIX_HEADER = "PocketTracker/PocketTracker-Prefix.pch";
				HEADER_SEARCH_PATHS = "/Users/andrewthayer/Downloads/CorePlot_1.0/Source/framework/**";
				INFOPLIST_FILE = "PocketTracker/PocketTracker-Info.plist";
				OTHER_LDFLAGS = "-ObjC";
				PRODUCT_NAME = "$(TARGET_NAME)";
				WRAPPER_EXTENSION = app;
			};
			name = Release;
		};
/* End XCBuildConfiguration section */

/* Begin XCConfigurationList section */
		2ED58CA9154E100B00FBBEB7 /* Build configuration list for PBXProject "PocketTracker" */ = {
			isa = XCConfigurationList;
			buildConfigurations = (
				2ED58CCB154E100B00FBBEB7 /* Debug */,
				2ED58CCC154E100B00FBBEB7 /* Release */,
			);
			defaultConfigurationIsVisible = 0;
			defaultConfigurationName = Release;
		};
		2ED58CCD154E100B00FBBEB7 /* Build configuration list for PBXNativeTarget "PocketTracker" */ = {
			isa = XCConfigurationList;
			buildConfigurations = (
				2ED58CCE154E100B00FBBEB7 /* Debug */,
				2ED58CCF154E100B00FBBEB7 /* Release */,
			);
			defaultConfigurationIsVisible = 0;
			defaultConfigurationName = Release;
		};
/* End XCConfigurationList section */

/* Begin XCVersionGroup section */
		2EAF98FA1553395E009D0522 /* PocketTrackerModel.xcdatamodeld */ = {
			isa = XCVersionGroup;
			children = (
				2EAF98FB1553395E009D0522 /* PocketTrackerModel.xcdatamodel */,
			);
			currentVersion = 2EAF98FB1553395E009D0522 /* PocketTrackerModel.xcdatamodel */;
			path = PocketTrackerModel.xcdatamodeld;
			sourceTree = "<group>";
			versionGroupType = wrapper.xcdatamodel;
		};
/* End XCVersionGroup section */
	};
	rootObject = 2ED58CA6154E100B00FBBEB7 /* Project object */;
}
